
Microsoft Visual Studio Solution File, Format Version 12.00
# Visual Studio Version 17
VisualStudioVersion = 17.0.31903.59
MinimumVisualStudioVersion = 10.0.40219.1
Project("{2150E333-8FDC-42A3-9474-1A3956D46DE8}") = "src", "src", "{A5F8B5F8-5F8B-4F8B-8F8B-5F8B5F8B5F8B}"
EndProject
Project("{2150E333-8FDC-42A3-9474-1A3956D46DE8}") = "tests", "tests", "{B5F8B5F8-5F8B-4F8B-8F8B-5F8B5F8B5F8B}"
EndProject
Project("{2150E333-8FDC-42A3-9474-1A3956D46DE8}") = "UserService", "UserService", "{C5F8B5F8-5F8B-4F8B-8F8B-5F8B5F8B5F8B}"
EndProject
Project("{2150E333-8FDC-42A3-9474-1A3956D46DE8}") = "ContentService", "ContentService", "{D5F8B5F8-5F8B-4F8B-8F8B-5F8B5F8B5F8B}"
EndProject
Project("{FAE04EC0-301F-11D3-BF4B-00C04F79EFBC}") = "UserService.API", "src\UserService\UserService.API\UserService.API.csproj", "{E5F8B5F8-5F8B-4F8B-8F8B-5F8B5F8B5F8B}"
EndProject
Project("{FAE04EC0-301F-11D3-BF4B-00C04F79EFBC}") = "UserService.Core", "src\UserService\UserService.Core\UserService.Core.csproj", "{F5F8B5F8-5F8B-4F8B-8F8B-5F8B5F8B5F8B}"
EndProject
Project("{FAE04EC0-301F-11D3-BF4B-00C04F79EFBC}") = "UserService.Infrastructure", "src\UserService\UserService.Infrastructure\UserService.Infrastructure.csproj", "{15F8B5F8-5F8B-4F8B-8F8B-5F8B5F8B5F8B}"
EndProject
Project("{FAE04EC0-301F-11D3-BF4B-00C04F79EFBC}") = "ContentService.API", "src\ContentService\ContentService.API\ContentService.API.csproj", "{25F8B5F8-5F8B-4F8B-8F8B-5F8B5F8B5F8B}"
EndProject
Project("{FAE04EC0-301F-11D3-BF4B-00C04F79EFBC}") = "ContentService.Core", "src\ContentService\ContentService.Core\ContentService.Core.csproj", "{35F8B5F8-5F8B-4F8B-8F8B-5F8B5F8B5F8B}"
EndProject
Project("{FAE04EC0-301F-11D3-BF4B-00C04F79EFBC}") = "ContentService.Infrastructure", "src\ContentService\ContentService.Infrastructure\ContentService.Infrastructure.csproj", "{45F8B5F8-5F8B-4F8B-8F8B-5F8B5F8B5F8B}"
EndProject
Project("{FAE04EC0-301F-11D3-BF4B-00C04F79EFBC}") = "UserService.Tests", "tests\UserService.Tests\UserService.Tests.csproj", "{55F8B5F8-5F8B-4F8B-8F8B-5F8B5F8B5F8B}"
EndProject
Project("{FAE04EC0-301F-11D3-BF4B-00C04F79EFBC}") = "ContentService.Tests", "tests\ContentService.Tests\ContentService.Tests.csproj", "{65F8B5F8-5F8B-4F8B-8F8B-5F8B5F8B5F8B}"
EndProject
Project("{FAE04EC0-301F-11D3-BF4B-00C04F79EFBC}") = "ApiGateway", "src\ApiGateway\ApiGateway.csproj", "{F1B629C7-C49F-41BB-802D-AF7404E375D9}"
EndProject
Global
	GlobalSection(SolutionConfigurationPlatforms) = preSolution
		Debug|Any CPU = Debug|Any CPU
		Debug|x64 = Debug|x64
		Debug|x86 = Debug|x86
		Release|Any CPU = Release|Any CPU
		Release|x64 = Release|x64
		Release|x86 = Release|x86
	EndGlobalSection
	GlobalSection(ProjectConfigurationPlatforms) = postSolution
		{E5F8B5F8-5F8B-4F8B-8F8B-5F8B5F8B5F8B}.Debug|Any CPU.ActiveCfg = Debug|Any CPU
		{E5F8B5F8-5F8B-4F8B-8F8B-5F8B5F8B5F8B}.Debug|Any CPU.Build.0 = Debug|Any CPU
		{E5F8B5F8-5F8B-4F8B-8F8B-5F8B5F8B5F8B}.Debug|x64.ActiveCfg = Debug|Any CPU
		{E5F8B5F8-5F8B-4F8B-8F8B-5F8B5F8B5F8B}.Debug|x64.Build.0 = Debug|Any CPU
		{E5F8B5F8-5F8B-4F8B-8F8B-5F8B5F8B5F8B}.Debug|x86.ActiveCfg = Debug|Any CPU
		{E5F8B5F8-5F8B-4F8B-8F8B-5F8B5F8B5F8B}.Debug|x86.Build.0 = Debug|Any CPU
		{E5F8B5F8-5F8B-4F8B-8F8B-5F8B5F8B5F8B}.Release|Any CPU.ActiveCfg = Release|Any CPU
		{E5F8B5F8-5F8B-4F8B-8F8B-5F8B5F8B5F8B}.Release|Any CPU.Build.0 = Release|Any CPU
		{E5F8B5F8-5F8B-4F8B-8F8B-5F8B5F8B5F8B}.Release|x64.ActiveCfg = Release|Any CPU
		{E5F8B5F8-5F8B-4F8B-8F8B-5F8B5F8B5F8B}.Release|x64.Build.0 = Release|Any CPU
		{E5F8B5F8-5F8B-4F8B-8F8B-5F8B5F8B5F8B}.Release|x86.ActiveCfg = Release|Any CPU
		{E5F8B5F8-5F8B-4F8B-8F8B-5F8B5F8B5F8B}.Release|x86.Build.0 = Release|Any CPU
		{F5F8B5F8-5F8B-4F8B-8F8B-5F8B5F8B5F8B}.Debug|Any CPU.ActiveCfg = Debug|Any CPU
		{F5F8B5F8-5F8B-4F8B-8F8B-5F8B5F8B5F8B}.Debug|Any CPU.Build.0 = Debug|Any CPU
		{F5F8B5F8-5F8B-4F8B-8F8B-5F8B5F8B5F8B}.Debug|x64.ActiveCfg = Debug|Any CPU
		{F5F8B5F8-5F8B-4F8B-8F8B-5F8B5F8B5F8B}.Debug|x64.Build.0 = Debug|Any CPU
		{F5F8B5F8-5F8B-4F8B-8F8B-5F8B5F8B5F8B}.Debug|x86.ActiveCfg = Debug|Any CPU
		{F5F8B5F8-5F8B-4F8B-8F8B-5F8B5F8B5F8B}.Debug|x86.Build.0 = Debug|Any CPU
		{F5F8B5F8-5F8B-4F8B-8F8B-5F8B5F8B5F8B}.Release|Any CPU.ActiveCfg = Release|Any CPU
		{F5F8B5F8-5F8B-4F8B-8F8B-5F8B5F8B5F8B}.Release|Any CPU.Build.0 = Release|Any CPU
		{F5F8B5F8-5F8B-4F8B-8F8B-5F8B5F8B5F8B}.Release|x64.ActiveCfg = Release|Any CPU
		{F5F8B5F8-5F8B-4F8B-8F8B-5F8B5F8B5F8B}.Release|x64.Build.0 = Release|Any CPU
		{F5F8B5F8-5F8B-4F8B-8F8B-5F8B5F8B5F8B}.Release|x86.ActiveCfg = Release|Any CPU
		{F5F8B5F8-5F8B-4F8B-8F8B-5F8B5F8B5F8B}.Release|x86.Build.0 = Release|Any CPU
		{15F8B5F8-5F8B-4F8B-8F8B-5F8B5F8B5F8B}.Debug|Any CPU.ActiveCfg = Debug|Any CPU
		{15F8B5F8-5F8B-4F8B-8F8B-5F8B5F8B5F8B}.Debug|Any CPU.Build.0 = Debug|Any CPU
		{15F8B5F8-5F8B-4F8B-8F8B-5F8B5F8B5F8B}.Debug|x64.ActiveCfg = Debug|Any CPU
		{15F8B5F8-5F8B-4F8B-8F8B-5F8B5F8B5F8B}.Debug|x64.Build.0 = Debug|Any CPU
		{15F8B5F8-5F8B-4F8B-8F8B-5F8B5F8B5F8B}.Debug|x86.ActiveCfg = Debug|Any CPU
		{15F8B5F8-5F8B-4F8B-8F8B-5F8B5F8B5F8B}.Debug|x86.Build.0 = Debug|Any CPU
		{15F8B5F8-5F8B-4F8B-8F8B-5F8B5F8B5F8B}.Release|Any CPU.ActiveCfg = Release|Any CPU
		{15F8B5F8-5F8B-4F8B-8F8B-5F8B5F8B5F8B}.Release|Any CPU.Build.0 = Release|Any CPU
		{15F8B5F8-5F8B-4F8B-8F8B-5F8B5F8B5F8B}.Release|x64.ActiveCfg = Release|Any CPU
		{15F8B5F8-5F8B-4F8B-8F8B-5F8B5F8B5F8B}.Release|x64.Build.0 = Release|Any CPU
		{15F8B5F8-5F8B-4F8B-8F8B-5F8B5F8B5F8B}.Release|x86.ActiveCfg = Release|Any CPU
		{15F8B5F8-5F8B-4F8B-8F8B-5F8B5F8B5F8B}.Release|x86.Build.0 = Release|Any CPU
		{25F8B5F8-5F8B-4F8B-8F8B-5F8B5F8B5F8B}.Debug|Any CPU.ActiveCfg = Debug|Any CPU
		{25F8B5F8-5F8B-4F8B-8F8B-5F8B5F8B5F8B}.Debug|Any CPU.Build.0 = Debug|Any CPU
		{25F8B5F8-5F8B-4F8B-8F8B-5F8B5F8B5F8B}.Debug|x64.ActiveCfg = Debug|Any CPU
		{25F8B5F8-5F8B-4F8B-8F8B-5F8B5F8B5F8B}.Debug|x64.Build.0 = Debug|Any CPU
		{25F8B5F8-5F8B-4F8B-8F8B-5F8B5F8B5F8B}.Debug|x86.ActiveCfg = Debug|Any CPU
		{25F8B5F8-5F8B-4F8B-8F8B-5F8B5F8B5F8B}.Debug|x86.Build.0 = Debug|Any CPU
		{25F8B5F8-5F8B-4F8B-8F8B-5F8B5F8B5F8B}.Release|Any CPU.ActiveCfg = Release|Any CPU
		{25F8B5F8-5F8B-4F8B-8F8B-5F8B5F8B5F8B}.Release|Any CPU.Build.0 = Release|Any CPU
		{25F8B5F8-5F8B-4F8B-8F8B-5F8B5F8B5F8B}.Release|x64.ActiveCfg = Release|Any CPU
		{25F8B5F8-5F8B-4F8B-8F8B-5F8B5F8B5F8B}.Release|x64.Build.0 = Release|Any CPU
		{25F8B5F8-5F8B-4F8B-8F8B-5F8B5F8B5F8B}.Release|x86.ActiveCfg = Release|Any CPU
		{25F8B5F8-5F8B-4F8B-8F8B-5F8B5F8B5F8B}.Release|x86.Build.0 = Release|Any CPU
		{35F8B5F8-5F8B-4F8B-8F8B-5F8B5F8B5F8B}.Debug|Any CPU.ActiveCfg = Debug|Any CPU
		{35F8B5F8-5F8B-4F8B-8F8B-5F8B5F8B5F8B}.Debug|Any CPU.Build.0 = Debug|Any CPU
		{35F8B5F8-5F8B-4F8B-8F8B-5F8B5F8B5F8B}.Debug|x64.ActiveCfg = Debug|Any CPU
		{35F8B5F8-5F8B-4F8B-8F8B-5F8B5F8B5F8B}.Debug|x64.Build.0 = Debug|Any CPU
		{35F8B5F8-5F8B-4F8B-8F8B-5F8B5F8B5F8B}.Debug|x86.ActiveCfg = Debug|Any CPU
		{35F8B5F8-5F8B-4F8B-8F8B-5F8B5F8B5F8B}.Debug|x86.Build.0 = Debug|Any CPU
		{35F8B5F8-5F8B-4F8B-8F8B-5F8B5F8B5F8B}.Release|Any CPU.ActiveCfg = Release|Any CPU
		{35F8B5F8-5F8B-4F8B-8F8B-5F8B5F8B5F8B}.Release|Any CPU.Build.0 = Release|Any CPU
		{35F8B5F8-5F8B-4F8B-8F8B-5F8B5F8B5F8B}.Release|x64.ActiveCfg = Release|Any CPU
		{35F8B5F8-5F8B-4F8B-8F8B-5F8B5F8B5F8B}.Release|x64.Build.0 = Release|Any CPU
		{35F8B5F8-5F8B-4F8B-8F8B-5F8B5F8B5F8B}.Release|x86.ActiveCfg = Release|Any CPU
		{35F8B5F8-5F8B-4F8B-8F8B-5F8B5F8B5F8B}.Release|x86.Build.0 = Release|Any CPU
		{45F8B5F8-5F8B-4F8B-8F8B-5F8B5F8B5F8B}.Debug|Any CPU.ActiveCfg = Debug|Any CPU
		{45F8B5F8-5F8B-4F8B-8F8B-5F8B5F8B5F8B}.Debug|Any CPU.Build.0 = Debug|Any CPU
		{45F8B5F8-5F8B-4F8B-8F8B-5F8B5F8B5F8B}.Debug|x64.ActiveCfg = Debug|Any CPU
		{45F8B5F8-5F8B-4F8B-8F8B-5F8B5F8B5F8B}.Debug|x64.Build.0 = Debug|Any CPU
		{45F8B5F8-5F8B-4F8B-8F8B-5F8B5F8B5F8B}.Debug|x86.ActiveCfg = Debug|Any CPU
		{45F8B5F8-5F8B-4F8B-8F8B-5F8B5F8B5F8B}.Debug|x86.Build.0 = Debug|Any CPU
		{45F8B5F8-5F8B-4F8B-8F8B-5F8B5F8B5F8B}.Release|Any CPU.ActiveCfg = Release|Any CPU
		{45F8B5F8-5F8B-4F8B-8F8B-5F8B5F8B5F8B}.Release|Any CPU.Build.0 = Release|Any CPU
		{45F8B5F8-5F8B-4F8B-8F8B-5F8B5F8B5F8B}.Release|x64.ActiveCfg = Release|Any CPU
		{45F8B5F8-5F8B-4F8B-8F8B-5F8B5F8B5F8B}.Release|x64.Build.0 = Release|Any CPU
		{45F8B5F8-5F8B-4F8B-8F8B-5F8B5F8B5F8B}.Release|x86.ActiveCfg = Release|Any CPU
		{45F8B5F8-5F8B-4F8B-8F8B-5F8B5F8B5F8B}.Release|x86.Build.0 = Release|Any CPU
		{55F8B5F8-5F8B-4F8B-8F8B-5F8B5F8B5F8B}.Debug|Any CPU.ActiveCfg = Debug|Any CPU
		{55F8B5F8-5F8B-4F8B-8F8B-5F8B5F8B5F8B}.Debug|Any CPU.Build.0 = Debug|Any CPU
		{55F8B5F8-5F8B-4F8B-8F8B-5F8B5F8B5F8B}.Debug|x64.ActiveCfg = Debug|Any CPU
		{55F8B5F8-5F8B-4F8B-8F8B-5F8B5F8B5F8B}.Debug|x64.Build.0 = Debug|Any CPU
		{55F8B5F8-5F8B-4F8B-8F8B-5F8B5F8B5F8B}.Debug|x86.ActiveCfg = Debug|Any CPU
		{55F8B5F8-5F8B-4F8B-8F8B-5F8B5F8B5F8B}.Debug|x86.Build.0 = Debug|Any CPU
		{55F8B5F8-5F8B-4F8B-8F8B-5F8B5F8B5F8B}.Release|Any CPU.ActiveCfg = Release|Any CPU
		{55F8B5F8-5F8B-4F8B-8F8B-5F8B5F8B5F8B}.Release|Any CPU.Build.0 = Release|Any CPU
		{55F8B5F8-5F8B-4F8B-8F8B-5F8B5F8B5F8B}.Release|x64.ActiveCfg = Release|Any CPU
		{55F8B5F8-5F8B-4F8B-8F8B-5F8B5F8B5F8B}.Release|x64.Build.0 = Release|Any CPU
		{55F8B5F8-5F8B-4F8B-8F8B-5F8B5F8B5F8B}.Release|x86.ActiveCfg = Release|Any CPU
		{55F8B5F8-5F8B-4F8B-8F8B-5F8B5F8B5F8B}.Release|x86.Build.0 = Release|Any CPU
		{65F8B5F8-5F8B-4F8B-8F8B-5F8B5F8B5F8B}.Debug|Any CPU.ActiveCfg = Debug|Any CPU
		{65F8B5F8-5F8B-4F8B-8F8B-5F8B5F8B5F8B}.Debug|Any CPU.Build.0 = Debug|Any CPU
		{65F8B5F8-5F8B-4F8B-8F8B-5F8B5F8B5F8B}.Debug|x64.ActiveCfg = Debug|Any CPU
		{65F8B5F8-5F8B-4F8B-8F8B-5F8B5F8B5F8B}.Debug|x64.Build.0 = Debug|Any CPU
		{65F8B5F8-5F8B-4F8B-8F8B-5F8B5F8B5F8B}.Debug|x86.ActiveCfg = Debug|Any CPU
		{65F8B5F8-5F8B-4F8B-8F8B-5F8B5F8B5F8B}.Debug|x86.Build.0 = Debug|Any CPU
		{65F8B5F8-5F8B-4F8B-8F8B-5F8B5F8B5F8B}.Release|Any CPU.ActiveCfg = Release|Any CPU
		{65F8B5F8-5F8B-4F8B-8F8B-5F8B5F8B5F8B}.Release|Any CPU.Build.0 = Release|Any CPU
		{65F8B5F8-5F8B-4F8B-8F8B-5F8B5F8B5F8B}.Release|x64.ActiveCfg = Release|Any CPU
		{65F8B5F8-5F8B-4F8B-8F8B-5F8B5F8B5F8B}.Release|x64.Build.0 = Release|Any CPU
		{65F8B5F8-5F8B-4F8B-8F8B-5F8B5F8B5F8B}.Release|x86.ActiveCfg = Release|Any CPU
		{65F8B5F8-5F8B-4F8B-8F8B-5F8B5F8B5F8B}.Release|x86.Build.0 = Release|Any CPU
		{F1B629C7-C49F-41BB-802D-AF7404E375D9}.Debug|Any CPU.ActiveCfg = Debug|Any CPU
		{F1B629C7-C49F-41BB-802D-AF7404E375D9}.Debug|Any CPU.Build.0 = Debug|Any CPU
		{F1B629C7-C49F-41BB-802D-AF7404E375D9}.Debug|x64.ActiveCfg = Debug|Any CPU
		{F1B629C7-C49F-41BB-802D-AF7404E375D9}.Debug|x64.Build.0 = Debug|Any CPU
		{F1B629C7-C49F-41BB-802D-AF7404E375D9}.Debug|x86.ActiveCfg = Debug|Any CPU
		{F1B629C7-C49F-41BB-802D-AF7404E375D9}.Debug|x86.Build.0 = Debug|Any CPU
		{F1B629C7-C49F-41BB-802D-AF7404E375D9}.Release|Any CPU.ActiveCfg = Release|Any CPU
		{F1B629C7-C49F-41BB-802D-AF7404E375D9}.Release|Any CPU.Build.0 = Release|Any CPU
		{F1B629C7-C49F-41BB-802D-AF7404E375D9}.Release|x64.ActiveCfg = Release|Any CPU
		{F1B629C7-C49F-41BB-802D-AF7404E375D9}.Release|x64.Build.0 = Release|Any CPU
		{F1B629C7-C49F-41BB-802D-AF7404E375D9}.Release|x86.ActiveCfg = Release|Any CPU
		{F1B629C7-C49F-41BB-802D-AF7404E375D9}.Release|x86.Build.0 = Release|Any CPU
	EndGlobalSection
	GlobalSection(SolutionProperties) = preSolution
		HideSolutionNode = FALSE
	EndGlobalSection
	GlobalSection(NestedProjects) = preSolution
		{C5F8B5F8-5F8B-4F8B-8F8B-5F8B5F8B5F8B} = {A5F8B5F8-5F8B-4F8B-8F8B-5F8B5F8B5F8B}
		{D5F8B5F8-5F8B-4F8B-8F8B-5F8B5F8B5F8B} = {A5F8B5F8-5F8B-4F8B-8F8B-5F8B5F8B5F8B}
		{E5F8B5F8-5F8B-4F8B-8F8B-5F8B5F8B5F8B} = {C5F8B5F8-5F8B-4F8B-8F8B-5F8B5F8B5F8B}
		{F5F8B5F8-5F8B-4F8B-8F8B-5F8B5F8B5F8B} = {C5F8B5F8-5F8B-4F8B-8F8B-5F8B5F8B5F8B}
		{15F8B5F8-5F8B-4F8B-8F8B-5F8B5F8B5F8B} = {C5F8B5F8-5F8B-4F8B-8F8B-5F8B5F8B5F8B}
		{25F8B5F8-5F8B-4F8B-8F8B-5F8B5F8B5F8B} = {D5F8B5F8-5F8B-4F8B-8F8B-5F8B5F8B5F8B}
		{35F8B5F8-5F8B-4F8B-8F8B-5F8B5F8B5F8B} = {D5F8B5F8-5F8B-4F8B-8F8B-5F8B5F8B5F8B}
		{45F8B5F8-5F8B-4F8B-8F8B-5F8B5F8B5F8B} = {D5F8B5F8-5F8B-4F8B-8F8B-5F8B5F8B5F8B}
		{55F8B5F8-5F8B-4F8B-8F8B-5F8B5F8B5F8B} = {B5F8B5F8-5F8B-4F8B-8F8B-5F8B5F8B5F8B}
		{65F8B5F8-5F8B-4F8B-8F8B-5F8B5F8B5F8B} = {B5F8B5F8-5F8B-4F8B-8F8B-5F8B5F8B5F8B}
		{F1B629C7-C49F-41BB-802D-AF7404E375D9} = {A5F8B5F8-5F8B-4F8B-8F8B-5F8B5F8B5F8B}
	EndGlobalSection
EndGlobal
